
Microsoft Visual Studio Solution File, Format Version 12.00
# Visual Studio 15
VisualStudioVersion = 15.0.28307.489
MinimumVisualStudioVersion = 10.0.40219.1
Project("{FAE04EC0-301F-11D3-BF4B-00C04F79EFBC}") = "SmartClass.Common", "SmartClass.Common\SmartClass.Common.csproj", "{EB56156F-1E3E-4547-ADE9-2E75C02ADF7D}"
EndProject
Global
	GlobalSection(SolutionConfigurationPlatforms) = preSolution
		Debug|Any CPU = Debug|Any CPU
		Release|Any CPU = Release|Any CPU
	EndGlobalSection
	GlobalSection(ProjectConfigurationPlatforms) = postSolution
		{EB56156F-1E3E-4547-ADE9-2E75C02ADF7D}.Debug|Any CPU.ActiveCfg = Debug|Any CPU
		{EB56156F-1E3E-4547-ADE9-2E75C02ADF7D}.Debug|Any CPU.Build.0 = Debug|Any CPU
		{EB56156F-1E3E-4547-ADE9-2E75C02ADF7D}.Release|Any CPU.ActiveCfg = Release|Any CPU
		{EB56156F-1E3E-4547-ADE9-2E75C02ADF7D}.Release|Any CPU.Build.0 = Release|Any CPU
	EndGlobalSection
	GlobalSection(SolutionProperties) = preSolution
		HideSolutionNode = FALSE
	EndGlobalSection
	GlobalSection(ExtensibilityGlobals) = postSolution
		SolutionGuid = {C15D5D5A-B1FB-4C85-954D-9F6A8F3D52F7}
	EndGlobalSection
EndGlobal
